
Microsoft Visual Studio Solution File, Format Version 12.00
# Visual Studio Version 17
VisualStudioVersion = 17.6.33723.286
MinimumVisualStudioVersion = 10.0.40219.1
Project("{2150E333-8FDC-42A3-9474-1A3956D46DE8}") = "Services", "Services", "{B78EA85D-19E8-41A9-BEFD-4367D964B244}"
EndProject
Project("{2150E333-8FDC-42A3-9474-1A3956D46DE8}") = "Catalog", "Catalog", "{AD37502E-5420-4DEE-AD6A-EB02C16FFEBB}"
EndProject
Project("{9A19103F-16F7-4668-BE54-9A1E7A4F7556}") = "Catalog.API", "Catalog.API\Catalog.API.csproj", "{4BF904EB-17B2-4561-A684-66CEA4032A13}"
EndProject
Project("{E53339B2-1760-4266-BCC7-CA923CBCF16C}") = "docker-compose", "docker-compose.dcproj", "{B626BFE6-9C33-4FA1-8E34-374800CA91E2}"
EndProject
Project("{2150E333-8FDC-42A3-9474-1A3956D46DE8}") = "Basket", "Basket", "{9B9C6C30-E2EA-49D4-9F38-A7420DC2BC90}"
EndProject
Project("{9A19103F-16F7-4668-BE54-9A1E7A4F7556}") = "Basket.API", "Basket.API\Basket.API.csproj", "{0EBD1F8C-8691-4536-8543-90C06215CAE6}"
EndProject
Project("{2150E333-8FDC-42A3-9474-1A3956D46DE8}") = "Discount", "Discount", "{BE67FC48-296E-4E5B-90B2-B2AB3CA704B0}"
EndProject
Project("{9A19103F-16F7-4668-BE54-9A1E7A4F7556}") = "Discount.API", "Discount.API\Discount.API.csproj", "{AD169E27-405C-4678-AF57-21CE22AB83BB}"
EndProject
Project("{9A19103F-16F7-4668-BE54-9A1E7A4F7556}") = "Discount.GRPC", "Discount.GRPC\Discount.GRPC.csproj", "{75156B6A-3375-4162-84B6-D17AB29E1896}"
EndProject
Project("{2150E333-8FDC-42A3-9474-1A3956D46DE8}") = "Order", "Order", "{7153B294-8C73-4436-8F57-A8BF27818100}"
EndProject
Project("{9A19103F-16F7-4668-BE54-9A1E7A4F7556}") = "Ordering.API", "Ordering.API\Ordering.API.csproj", "{042F8FE0-0DC3-4071-8179-36675D0C8FFC}"
EndProject
Project("{9A19103F-16F7-4668-BE54-9A1E7A4F7556}") = "Ordering.Domain", "Ordering.Domain\Ordering.Domain.csproj", "{A99BDFD2-4D83-4A67-8BD5-08596215C87B}"
EndProject
Project("{9A19103F-16F7-4668-BE54-9A1E7A4F7556}") = "Ordering.Infrastructure", "Ordering.Infrastructure\Ordering.Infrastructure.csproj", "{236E19F3-0CA3-402D-ACBD-44C447E499AF}"
EndProject
Project("{9A19103F-16F7-4668-BE54-9A1E7A4F7556}") = "Ordering.Application", "Ordering.Application\Ordering.Application.csproj", "{1FF8B10B-626C-41EB-A75F-30E02532FA71}"
EndProject
Global
	GlobalSection(SolutionConfigurationPlatforms) = preSolution
		Debug|Any CPU = Debug|Any CPU
		Release|Any CPU = Release|Any CPU
	EndGlobalSection
	GlobalSection(ProjectConfigurationPlatforms) = postSolution
		{4BF904EB-17B2-4561-A684-66CEA4032A13}.Debug|Any CPU.ActiveCfg = Debug|Any CPU
		{4BF904EB-17B2-4561-A684-66CEA4032A13}.Debug|Any CPU.Build.0 = Debug|Any CPU
		{4BF904EB-17B2-4561-A684-66CEA4032A13}.Release|Any CPU.ActiveCfg = Release|Any CPU
		{4BF904EB-17B2-4561-A684-66CEA4032A13}.Release|Any CPU.Build.0 = Release|Any CPU
		{B626BFE6-9C33-4FA1-8E34-374800CA91E2}.Debug|Any CPU.ActiveCfg = Debug|Any CPU
		{B626BFE6-9C33-4FA1-8E34-374800CA91E2}.Debug|Any CPU.Build.0 = Debug|Any CPU
		{B626BFE6-9C33-4FA1-8E34-374800CA91E2}.Release|Any CPU.ActiveCfg = Release|Any CPU
		{B626BFE6-9C33-4FA1-8E34-374800CA91E2}.Release|Any CPU.Build.0 = Release|Any CPU
		{0EBD1F8C-8691-4536-8543-90C06215CAE6}.Debug|Any CPU.ActiveCfg = Debug|Any CPU
		{0EBD1F8C-8691-4536-8543-90C06215CAE6}.Debug|Any CPU.Build.0 = Debug|Any CPU
		{0EBD1F8C-8691-4536-8543-90C06215CAE6}.Release|Any CPU.ActiveCfg = Release|Any CPU
		{0EBD1F8C-8691-4536-8543-90C06215CAE6}.Release|Any CPU.Build.0 = Release|Any CPU
		{AD169E27-405C-4678-AF57-21CE22AB83BB}.Debug|Any CPU.ActiveCfg = Debug|Any CPU
		{AD169E27-405C-4678-AF57-21CE22AB83BB}.Debug|Any CPU.Build.0 = Debug|Any CPU
		{AD169E27-405C-4678-AF57-21CE22AB83BB}.Release|Any CPU.ActiveCfg = Release|Any CPU
		{AD169E27-405C-4678-AF57-21CE22AB83BB}.Release|Any CPU.Build.0 = Release|Any CPU
		{75156B6A-3375-4162-84B6-D17AB29E1896}.Debug|Any CPU.ActiveCfg = Debug|Any CPU
		{75156B6A-3375-4162-84B6-D17AB29E1896}.Debug|Any CPU.Build.0 = Debug|Any CPU
		{75156B6A-3375-4162-84B6-D17AB29E1896}.Release|Any CPU.ActiveCfg = Release|Any CPU
		{75156B6A-3375-4162-84B6-D17AB29E1896}.Release|Any CPU.Build.0 = Release|Any CPU
		{042F8FE0-0DC3-4071-8179-36675D0C8FFC}.Debug|Any CPU.ActiveCfg = Debug|Any CPU
		{042F8FE0-0DC3-4071-8179-36675D0C8FFC}.Debug|Any CPU.Build.0 = Debug|Any CPU
		{042F8FE0-0DC3-4071-8179-36675D0C8FFC}.Release|Any CPU.ActiveCfg = Release|Any CPU
		{042F8FE0-0DC3-4071-8179-36675D0C8FFC}.Release|Any CPU.Build.0 = Release|Any CPU
		{A99BDFD2-4D83-4A67-8BD5-08596215C87B}.Debug|Any CPU.ActiveCfg = Debug|Any CPU
		{A99BDFD2-4D83-4A67-8BD5-08596215C87B}.Debug|Any CPU.Build.0 = Debug|Any CPU
		{A99BDFD2-4D83-4A67-8BD5-08596215C87B}.Release|Any CPU.ActiveCfg = Release|Any CPU
		{A99BDFD2-4D83-4A67-8BD5-08596215C87B}.Release|Any CPU.Build.0 = Release|Any CPU
		{236E19F3-0CA3-402D-ACBD-44C447E499AF}.Debug|Any CPU.ActiveCfg = Debug|Any CPU
		{236E19F3-0CA3-402D-ACBD-44C447E499AF}.Debug|Any CPU.Build.0 = Debug|Any CPU
		{236E19F3-0CA3-402D-ACBD-44C447E499AF}.Release|Any CPU.ActiveCfg = Release|Any CPU
		{236E19F3-0CA3-402D-ACBD-44C447E499AF}.Release|Any CPU.Build.0 = Release|Any CPU
		{1FF8B10B-626C-41EB-A75F-30E02532FA71}.Debug|Any CPU.ActiveCfg = Debug|Any CPU
		{1FF8B10B-626C-41EB-A75F-30E02532FA71}.Debug|Any CPU.Build.0 = Debug|Any CPU
		{1FF8B10B-626C-41EB-A75F-30E02532FA71}.Release|Any CPU.ActiveCfg = Release|Any CPU
		{1FF8B10B-626C-41EB-A75F-30E02532FA71}.Release|Any CPU.Build.0 = Release|Any CPU
	EndGlobalSection
	GlobalSection(SolutionProperties) = preSolution
		HideSolutionNode = FALSE
	EndGlobalSection
	GlobalSection(NestedProjects) = preSolution
		{AD37502E-5420-4DEE-AD6A-EB02C16FFEBB} = {B78EA85D-19E8-41A9-BEFD-4367D964B244}
		{4BF904EB-17B2-4561-A684-66CEA4032A13} = {AD37502E-5420-4DEE-AD6A-EB02C16FFEBB}
		{9B9C6C30-E2EA-49D4-9F38-A7420DC2BC90} = {B78EA85D-19E8-41A9-BEFD-4367D964B244}
		{0EBD1F8C-8691-4536-8543-90C06215CAE6} = {9B9C6C30-E2EA-49D4-9F38-A7420DC2BC90}
		{BE67FC48-296E-4E5B-90B2-B2AB3CA704B0} = {B78EA85D-19E8-41A9-BEFD-4367D964B244}
		{AD169E27-405C-4678-AF57-21CE22AB83BB} = {BE67FC48-296E-4E5B-90B2-B2AB3CA704B0}
		{75156B6A-3375-4162-84B6-D17AB29E1896} = {BE67FC48-296E-4E5B-90B2-B2AB3CA704B0}
		{7153B294-8C73-4436-8F57-A8BF27818100} = {B78EA85D-19E8-41A9-BEFD-4367D964B244}
		{042F8FE0-0DC3-4071-8179-36675D0C8FFC} = {7153B294-8C73-4436-8F57-A8BF27818100}
		{A99BDFD2-4D83-4A67-8BD5-08596215C87B} = {7153B294-8C73-4436-8F57-A8BF27818100}
		{236E19F3-0CA3-402D-ACBD-44C447E499AF} = {7153B294-8C73-4436-8F57-A8BF27818100}
		{1FF8B10B-626C-41EB-A75F-30E02532FA71} = {7153B294-8C73-4436-8F57-A8BF27818100}
	EndGlobalSection
	GlobalSection(ExtensibilityGlobals) = postSolution
		SolutionGuid = {16C9ECBE-F8CC-4243-A7C4-2FEF7C7F46A8}
	EndGlobalSection
EndGlobal
